// !$*UTF8*$!
{
	archiveVersion = 1;
	classes = {
	};
	objectVersion = 55;
	objects = {

/* Begin PBXBuildFile section */
		B325C8D628AA9AC3008B5D74 /* LogInViewController.swift in Sources */ = {isa = PBXBuildFile; fileRef = B325C8D528AA9AC3008B5D74 /* LogInViewController.swift */; };
		B325C8DA28AE8E33008B5D74 /* ProfileTableHederView.swift in Sources */ = {isa = PBXBuildFile; fileRef = B325C8D928AE8E33008B5D74 /* ProfileTableHederView.swift */; };
		B325C8DC28B4CD4B008B5D74 /* PostTableViewCell.swift in Sources */ = {isa = PBXBuildFile; fileRef = B325C8DB28B4CD4B008B5D74 /* PostTableViewCell.swift */; };
		B3451FBB289A821C0092DB6E /* AppDelegate.swift in Sources */ = {isa = PBXBuildFile; fileRef = B3451FBA289A821C0092DB6E /* AppDelegate.swift */; };
		B3451FBD289A821C0092DB6E /* SceneDelegate.swift in Sources */ = {isa = PBXBuildFile; fileRef = B3451FBC289A821C0092DB6E /* SceneDelegate.swift */; };
		B3451FBF289A821C0092DB6E /* ViewController.swift in Sources */ = {isa = PBXBuildFile; fileRef = B3451FBE289A821C0092DB6E /* ViewController.swift */; };
		B3451FC4289A821E0092DB6E /* Assets.xcassets in Resources */ = {isa = PBXBuildFile; fileRef = B3451FC3289A821E0092DB6E /* Assets.xcassets */; };
		B3451FC7289A821E0092DB6E /* LaunchScreen.storyboard in Resources */ = {isa = PBXBuildFile; fileRef = B3451FC5289A821E0092DB6E /* LaunchScreen.storyboard */; };
		B3451FCF289A83080092DB6E /* FeedViewController.swift in Sources */ = {isa = PBXBuildFile; fileRef = B3451FCE289A83080092DB6E /* FeedViewController.swift */; };
		B3451FD1289A83210092DB6E /* InfoViewController.swift in Sources */ = {isa = PBXBuildFile; fileRef = B3451FD0289A83210092DB6E /* InfoViewController.swift */; };
		B3451FD5289A83520092DB6E /* PostViewController.swift in Sources */ = {isa = PBXBuildFile; fileRef = B3451FD4289A83520092DB6E /* PostViewController.swift */; };
		B3C48AB0289D2EB2001934EB /* ProfileViewController.swift in Sources */ = {isa = PBXBuildFile; fileRef = B3C48AAF289D2EB2001934EB /* ProfileViewController.swift */; };
		B3C48AB228A138B3001934EB /* ProfileHeaderView.swift in Sources */ = {isa = PBXBuildFile; fileRef = B3C48AB128A138B3001934EB /* ProfileHeaderView.swift */; };
		B3C48AB628A1650B001934EB /* Storyboard.storyboard in Resources */ = {isa = PBXBuildFile; fileRef = B3C48AB528A1650B001934EB /* Storyboard.storyboard */; };
/* End PBXBuildFile section */

/* Begin PBXFileReference section */
		B325C8D528AA9AC3008B5D74 /* LogInViewController.swift */ = {isa = PBXFileReference; lastKnownFileType = sourcecode.swift; path = LogInViewController.swift; sourceTree = "<group>"; };
		B325C8D928AE8E33008B5D74 /* ProfileTableHederView.swift */ = {isa = PBXFileReference; lastKnownFileType = sourcecode.swift; path = ProfileTableHederView.swift; sourceTree = "<group>"; };
		B325C8DB28B4CD4B008B5D74 /* PostTableViewCell.swift */ = {isa = PBXFileReference; lastKnownFileType = sourcecode.swift; path = PostTableViewCell.swift; sourceTree = "<group>"; };
		B3451FB7289A821C0092DB6E /* Homework_2.app */ = {isa = PBXFileReference; explicitFileType = wrapper.application; includeInIndex = 0; path = Homework_2.app; sourceTree = BUILT_PRODUCTS_DIR; };
		B3451FBA289A821C0092DB6E /* AppDelegate.swift */ = {isa = PBXFileReference; lastKnownFileType = sourcecode.swift; path = AppDelegate.swift; sourceTree = "<group>"; };
		B3451FBC289A821C0092DB6E /* SceneDelegate.swift */ = {isa = PBXFileReference; lastKnownFileType = sourcecode.swift; path = SceneDelegate.swift; sourceTree = "<group>"; };
		B3451FBE289A821C0092DB6E /* ViewController.swift */ = {isa = PBXFileReference; lastKnownFileType = sourcecode.swift; path = ViewController.swift; sourceTree = "<group>"; };
		B3451FC3289A821E0092DB6E /* Assets.xcassets */ = {isa = PBXFileReference; lastKnownFileType = folder.assetcatalog; path = Assets.xcassets; sourceTree = "<group>"; };
		B3451FC6289A821E0092DB6E /* Base */ = {isa = PBXFileReference; lastKnownFileType = file.storyboard; name = Base; path = Base.lproj/LaunchScreen.storyboard; sourceTree = "<group>"; };
		B3451FC8289A821E0092DB6E /* Info.plist */ = {isa = PBXFileReference; lastKnownFileType = text.plist.xml; path = Info.plist; sourceTree = "<group>"; };
		B3451FCE289A83080092DB6E /* FeedViewController.swift */ = {isa = PBXFileReference; lastKnownFileType = sourcecode.swift; path = FeedViewController.swift; sourceTree = "<group>"; };
		B3451FD0289A83210092DB6E /* InfoViewController.swift */ = {isa = PBXFileReference; lastKnownFileType = sourcecode.swift; path = InfoViewController.swift; sourceTree = "<group>"; };
		B3451FD4289A83520092DB6E /* PostViewController.swift */ = {isa = PBXFileReference; lastKnownFileType = sourcecode.swift; path = PostViewController.swift; sourceTree = "<group>"; };
		B3C48AAF289D2EB2001934EB /* ProfileViewController.swift */ = {isa = PBXFileReference; lastKnownFileType = sourcecode.swift; path = ProfileViewController.swift; sourceTree = "<group>"; };
		B3C48AB128A138B3001934EB /* ProfileHeaderView.swift */ = {isa = PBXFileReference; lastKnownFileType = sourcecode.swift; path = ProfileHeaderView.swift; sourceTree = "<group>"; tabWidth = 4; };
		B3C48AB528A1650B001934EB /* Storyboard.storyboard */ = {isa = PBXFileReference; lastKnownFileType = file.storyboard; path = Storyboard.storyboard; sourceTree = "<group>"; };
/* End PBXFileReference section */

/* Begin PBXFrameworksBuildPhase section */
		B3451FB4289A821C0092DB6E /* Frameworks */ = {
			isa = PBXFrameworksBuildPhase;
			buildActionMask = 2147483647;
			files = (
			);
			runOnlyForDeploymentPostprocessing = 0;
		};
/* End PBXFrameworksBuildPhase section */

/* Begin PBXGroup section */
		B3451FAE289A821C0092DB6E = {
			isa = PBXGroup;
			children = (
				B3451FB9289A821C0092DB6E /* Homework_2 */,
				B3451FB8289A821C0092DB6E /* Products */,
			);
			sourceTree = "<group>";
		};
		B3451FB8289A821C0092DB6E /* Products */ = {
			isa = PBXGroup;
			children = (
				B3451FB7289A821C0092DB6E /* Homework_2.app */,
			);
			name = Products;
			sourceTree = "<group>";
		};
		B3451FB9289A821C0092DB6E /* Homework_2 */ = {
			isa = PBXGroup;
			children = (
				B3C48AAE289D2E74001934EB /* Profile */,
				B3451FBA289A821C0092DB6E /* AppDelegate.swift */,
				B3451FBC289A821C0092DB6E /* SceneDelegate.swift */,
				B3451FCE289A83080092DB6E /* FeedViewController.swift */,
				B3451FD0289A83210092DB6E /* InfoViewController.swift */,
				B3451FD4289A83520092DB6E /* PostViewController.swift */,
				B3451FBE289A821C0092DB6E /* ViewController.swift */,
				B3451FC3289A821E0092DB6E /* Assets.xcassets */,
				B3451FC5289A821E0092DB6E /* LaunchScreen.storyboard */,
				B3C48AB528A1650B001934EB /* Storyboard.storyboard */,
				B3451FC8289A821E0092DB6E /* Info.plist */,
			);
			path = Homework_2;
			sourceTree = "<group>";
		};
		B3C48AAE289D2E74001934EB /* Profile */ = {
			isa = PBXGroup;
			children = (
				B3C48AAF289D2EB2001934EB /* ProfileViewController.swift */,
				B3C48AB128A138B3001934EB /* ProfileHeaderView.swift */,
				B325C8D528AA9AC3008B5D74 /* LogInViewController.swift */,
				B325C8D928AE8E33008B5D74 /* ProfileTableHederView.swift */,
				B325C8DB28B4CD4B008B5D74 /* PostTableViewCell.swift */,
			);
			path = Profile;
			sourceTree = "<group>";
		};
/* End PBXGroup section */

/* Begin PBXNativeTarget section */
		B3451FB6289A821C0092DB6E /* Homework_2 */ = {
			isa = PBXNativeTarget;
			buildConfigurationList = B3451FCB289A821E0092DB6E /* Build configuration list for PBXNativeTarget "Homework_2" */;
			buildPhases = (
				B3451FB3289A821C0092DB6E /* Sources */,
				B3451FB4289A821C0092DB6E /* Frameworks */,
				B3451FB5289A821C0092DB6E /* Resources */,
			);
			buildRules = (
			);
			dependencies = (
			);
			name = Homework_2;
			productName = Homework_2;
			productReference = B3451FB7289A821C0092DB6E /* Homework_2.app */;
			productType = "com.apple.product-type.application";
		};
/* End PBXNativeTarget section */

/* Begin PBXProject section */
		B3451FAF289A821C0092DB6E /* Project object */ = {
			isa = PBXProject;
			attributes = {
				BuildIndependentTargetsInParallel = 1;
				LastSwiftUpdateCheck = 1340;
				LastUpgradeCheck = 1340;
				TargetAttributes = {
					B3451FB6289A821C0092DB6E = {
						CreatedOnToolsVersion = 13.4.1;
					};
				};
			};
			buildConfigurationList = B3451FB2289A821C0092DB6E /* Build configuration list for PBXProject "Homework_2" */;
			compatibilityVersion = "Xcode 13.0";
			developmentRegion = en;
			hasScannedForEncodings = 0;
			knownRegions = (
				en,
				Base,
			);
			mainGroup = B3451FAE289A821C0092DB6E;
			productRefGroup = B3451FB8289A821C0092DB6E /* Products */;
			projectDirPath = "";
			projectRoot = "";
			targets = (
				B3451FB6289A821C0092DB6E /* Homework_2 */,
			);
		};
/* End PBXProject section */

/* Begin PBXResourcesBuildPhase section */
		B3451FB5289A821C0092DB6E /* Resources */ = {
			isa = PBXResourcesBuildPhase;
			buildActionMask = 2147483647;
			files = (
				B3451FC7289A821E0092DB6E /* LaunchScreen.storyboard in Resources */,
				B3451FC4289A821E0092DB6E /* Assets.xcassets in Resources */,
				B3C48AB628A1650B001934EB /* Storyboard.storyboard in Resources */,
			);
			runOnlyForDeploymentPostprocessing = 0;
		};
/* End PBXResourcesBuildPhase section */

/* Begin PBXSourcesBuildPhase section */
		B3451FB3289A821C0092DB6E /* Sources */ = {
			isa = PBXSourcesBuildPhase;
			buildActionMask = 2147483647;
			files = (
				B325C8DA28AE8E33008B5D74 /* ProfileTableHederView.swift in Sources */,
				B3451FBF289A821C0092DB6E /* ViewController.swift in Sources */,
				B325C8DC28B4CD4B008B5D74 /* PostTableViewCell.swift in Sources */,
				B3451FD5289A83520092DB6E /* PostViewController.swift in Sources */,
				B325C8D628AA9AC3008B5D74 /* LogInViewController.swift in Sources */,
				B3451FBB289A821C0092DB6E /* AppDelegate.swift in Sources */,
				B3451FCF289A83080092DB6E /* FeedViewController.swift in Sources */,
				B3451FBD289A821C0092DB6E /* SceneDelegate.swift in Sources */,
				B3C48AB0289D2EB2001934EB /* ProfileViewController.swift in Sources */,
				B3451FD1289A83210092DB6E /* InfoViewController.swift in Sources */,
				B3C48AB228A138B3001934EB /* ProfileHeaderView.swift in Sources */,
			);
			runOnlyForDeploymentPostprocessing = 0;
		};
/* End PBXSourcesBuildPhase section */

/* Begin PBXVariantGroup section */
		B3451FC5289A821E0092DB6E /* LaunchScreen.storyboard */ = {
			isa = PBXVariantGroup;
			children = (
				B3451FC6289A821E0092DB6E /* Base */,
			);
			name = LaunchScreen.storyboard;
			sourceTree = "<group>";
		};
/* End PBXVariantGroup section */

/* Begin XCBuildConfiguration section */
		B3451FC9289A821E0092DB6E /* Debug */ = {
			isa = XCBuildConfiguration;
			buildSettings = {
				ALWAYS_SEARCH_USER_PATHS = NO;
				CLANG_ANALYZER_NONNULL = YES;
				CLANG_ANALYZER_NUMBER_OBJECT_CONVERSION = YES_AGGRESSIVE;
				CLANG_CXX_LANGUAGE_STANDARD = "gnu++17";
				CLANG_ENABLE_MODULES = YES;
				CLANG_ENABLE_OBJC_ARC = YES;
				CLANG_ENABLE_OBJC_WEAK = YES;
				CLANG_WARN_BLOCK_CAPTURE_AUTORELEASING = YES;
				CLANG_WARN_BOOL_CONVERSION = YES;
				CLANG_WARN_COMMA = YES;
				CLANG_WARN_CONSTANT_CONVERSION = YES;
				CLANG_WARN_DEPRECATED_OBJC_IMPLEMENTATIONS = YES;
				CLANG_WARN_DIRECT_OBJC_ISA_USAGE = YES_ERROR;
				CLANG_WARN_DOCUMENTATION_COMMENTS = YES;
				CLANG_WARN_EMPTY_BODY = YES;
				CLANG_WARN_ENUM_CONVERSION = YES;
				CLANG_WARN_INFINITE_RECURSION = YES;
				CLANG_WARN_INT_CONVERSION = YES;
				CLANG_WARN_NON_LITERAL_NULL_CONVERSION = YES;
				CLANG_WARN_OBJC_IMPLICIT_RETAIN_SELF = YES;
				CLANG_WARN_OBJC_LITERAL_CONVERSION = YES;
				CLANG_WARN_OBJC_ROOT_CLASS = YES_ERROR;
				CLANG_WARN_QUOTED_INCLUDE_IN_FRAMEWORK_HEADER = YES;
				CLANG_WARN_RANGE_LOOP_ANALYSIS = YES;
				CLANG_WARN_STRICT_PROTOTYPES = YES;
				CLANG_WARN_SUSPICIOUS_MOVE = YES;
				CLANG_WARN_UNGUARDED_AVAILABILITY = YES_AGGRESSIVE;
				CLANG_WARN_UNREACHABLE_CODE = YES;
				CLANG_WARN__DUPLICATE_METHOD_MATCH = YES;
				COPY_PHASE_STRIP = NO;
				DEBUG_INFORMATION_FORMAT = dwarf;
				ENABLE_STRICT_OBJC_MSGSEND = YES;
				ENABLE_TESTABILITY = YES;
				GCC_C_LANGUAGE_STANDARD = gnu11;
				GCC_DYNAMIC_NO_PIC = NO;
				GCC_NO_COMMON_BLOCKS = YES;
				GCC_OPTIMIZATION_LEVEL = 0;
				GCC_PREPROCESSOR_DEFINITIONS = (
					"DEBUG=1",
					"$(inherited)",
				);
				GCC_WARN_64_TO_32_BIT_CONVERSION = YES;
				GCC_WARN_ABOUT_RETURN_TYPE = YES_ERROR;
				GCC_WARN_UNDECLARED_SELECTOR = YES;
				GCC_WARN_UNINITIALIZED_AUTOS = YES_AGGRESSIVE;
				GCC_WARN_UNUSED_FUNCTION = YES;
				GCC_WARN_UNUSED_VARIABLE = YES;
				IPHONEOS_DEPLOYMENT_TARGET = 15.5;
				MTL_ENABLE_DEBUG_INFO = INCLUDE_SOURCE;
				MTL_FAST_MATH = YES;
				ONLY_ACTIVE_ARCH = YES;
				SDKROOT = iphoneos;
				SWIFT_ACTIVE_COMPILATION_CONDITIONS = DEBUG;
				SWIFT_OPTIMIZATION_LEVEL = "-Onone";
			};
			name = Debug;
		};
		B3451FCA289A821E0092DB6E /* Release */ = {
			isa = XCBuildConfiguration;
			buildSettings = {
				ALWAYS_SEARCH_USER_PATHS = NO;
				CLANG_ANALYZER_NONNULL = YES;
				CLANG_ANALYZER_NUMBER_OBJECT_CONVERSION = YES_AGGRESSIVE;
				CLANG_CXX_LANGUAGE_STANDARD = "gnu++17";
				CLANG_ENABLE_MODULES = YES;
				CLANG_ENABLE_OBJC_ARC = YES;
				CLANG_ENABLE_OBJC_WEAK = YES;
				CLANG_WARN_BLOCK_CAPTURE_AUTORELEASING = YES;
				CLANG_WARN_BOOL_CONVERSION = YES;
				CLANG_WARN_COMMA = YES;
				CLANG_WARN_CONSTANT_CONVERSION = YES;
				CLANG_WARN_DEPRECATED_OBJC_IMPLEMENTATIONS = YES;
				CLANG_WARN_DIRECT_OBJC_ISA_USAGE = YES_ERROR;
				CLANG_WARN_DOCUMENTATION_COMMENTS = YES;
				CLANG_WARN_EMPTY_BODY = YES;
				CLANG_WARN_ENUM_CONVERSION = YES;
				CLANG_WARN_INFINITE_RECURSION = YES;
				CLANG_WARN_INT_CONVERSION = YES;
				CLANG_WARN_NON_LITERAL_NULL_CONVERSION = YES;
				CLANG_WARN_OBJC_IMPLICIT_RETAIN_SELF = YES;
				CLANG_WARN_OBJC_LITERAL_CONVERSION = YES;
				CLANG_WARN_OBJC_ROOT_CLASS = YES_ERROR;
				CLANG_WARN_QUOTED_INCLUDE_IN_FRAMEWORK_HEADER = YES;
				CLANG_WARN_RANGE_LOOP_ANALYSIS = YES;
				CLANG_WARN_STRICT_PROTOTYPES = YES;
				CLANG_WARN_SUSPICIOUS_MOVE = YES;
				CLANG_WARN_UNGUARDED_AVAILABILITY = YES_AGGRESSIVE;
				CLANG_WARN_UNREACHABLE_CODE = YES;
				CLANG_WARN__DUPLICATE_METHOD_MATCH = YES;
				COPY_PHASE_STRIP = NO;
				DEBUG_INFORMATION_FORMAT = "dwarf-with-dsym";
				ENABLE_NS_ASSERTIONS = NO;
				ENABLE_STRICT_OBJC_MSGSEND = YES;
				GCC_C_LANGUAGE_STANDARD = gnu11;
				GCC_NO_COMMON_BLOCKS = YES;
				GCC_WARN_64_TO_32_BIT_CONVERSION = YES;
				GCC_WARN_ABOUT_RETURN_TYPE = YES_ERROR;
				GCC_WARN_UNDECLARED_SELECTOR = YES;
				GCC_WARN_UNINITIALIZED_AUTOS = YES_AGGRESSIVE;
				GCC_WARN_UNUSED_FUNCTION = YES;
				GCC_WARN_UNUSED_VARIABLE = YES;
				IPHONEOS_DEPLOYMENT_TARGET = 15.5;
				MTL_ENABLE_DEBUG_INFO = NO;
				MTL_FAST_MATH = YES;
				SDKROOT = iphoneos;
				SWIFT_COMPILATION_MODE = wholemodule;
				SWIFT_OPTIMIZATION_LEVEL = "-O";
				VALIDATE_PRODUCT = YES;
			};
			name = Release;
		};
		B3451FCC289A821E0092DB6E /* Debug */ = {
			isa = XCBuildConfiguration;
			buildSettings = {
				ASSETCATALOG_COMPILER_APPICON_NAME = AppIcon;
				ASSETCATALOG_COMPILER_GLOBAL_ACCENT_COLOR_NAME = AccentColor;
				CODE_SIGN_STYLE = Automatic;
				CURRENT_PROJECT_VERSION = 1;
				GENERATE_INFOPLIST_FILE = YES;
				INFOPLIST_FILE = Homework_2/Info.plist;
				INFOPLIST_KEY_UIApplicationSupportsIndirectInputEvents = YES;
				INFOPLIST_KEY_UILaunchStoryboardName = LaunchScreen;
				INFOPLIST_KEY_UISupportedInterfaceOrientations_iPad = "UIInterfaceOrientationPortrait UIInterfaceOrientationPortraitUpsideDown UIInterfaceOrientationLandscapeLeft UIInterfaceOrientationLandscapeRight";
				INFOPLIST_KEY_UISupportedInterfaceOrientations_iPhone = "UIInterfaceOrientationPortrait UIInterfaceOrientationLandscapeLeft UIInterfaceOrientationLandscapeRight";
				IPHONEOS_DEPLOYMENT_TARGET = 15.2;
				LD_RUNPATH_SEARCH_PATHS = (
					"$(inherited)",
					"@executable_path/Frameworks",
				);
				MARKETING_VERSION = 1.0;
				PRODUCT_BUNDLE_IDENTIFIER = "homework.Homework-2";
				PRODUCT_NAME = "$(TARGET_NAME)";
				SWIFT_EMIT_LOC_STRINGS = YES;
				SWIFT_VERSION = 5.0;
				TARGETED_DEVICE_FAMILY = "1,2";
			};
			name = Debug;
		};
		B3451FCD289A821E0092DB6E /* Release */ = {
			isa = XCBuildConfiguration;
			buildSettings = {
				ASSETCATALOG_COMPILER_APPICON_NAME = AppIcon;
				ASSETCATALOG_COMPILER_GLOBAL_ACCENT_COLOR_NAME = AccentColor;
				CODE_SIGN_STYLE = Automatic;
				CURRENT_PROJECT_VERSION = 1;
				GENERATE_INFOPLIST_FILE = YES;
				INFOPLIST_FILE = Homework_2/Info.plist;
				INFOPLIST_KEY_UIApplicationSupportsIndirectInputEvents = YES;
				INFOPLIST_KEY_UILaunchStoryboardName = LaunchScreen;
				INFOPLIST_KEY_UISupportedInterfaceOrientations_iPad = "UIInterfaceOrientationPortrait UIInterfaceOrientationPortraitUpsideDown UIInterfaceOrientationLandscapeLeft UIInterfaceOrientationLandscapeRight";
				INFOPLIST_KEY_UISupportedInterfaceOrientations_iPhone = "UIInterfaceOrientationPortrait UIInterfaceOrientationLandscapeLeft UIInterfaceOrientationLandscapeRight";
				IPHONEOS_DEPLOYMENT_TARGET = 15.2;
				LD_RUNPATH_SEARCH_PATHS = (
					"$(inherited)",
					"@executable_path/Frameworks",
				);
				MARKETING_VERSION = 1.0;
				PRODUCT_BUNDLE_IDENTIFIER = "homework.Homework-2";
				PRODUCT_NAME = "$(TARGET_NAME)";
				SWIFT_EMIT_LOC_STRINGS = YES;
				SWIFT_VERSION = 5.0;
				TARGETED_DEVICE_FAMILY = "1,2";
			};
			name = Release;
		};
/* End XCBuildConfiguration section */

/* Begin XCConfigurationList section */
		B3451FB2289A821C0092DB6E /* Build configuration list for PBXProject "Homework_2" */ = {
			isa = XCConfigurationList;
			buildConfigurations = (
				B3451FC9289A821E0092DB6E /* Debug */,
				B3451FCA289A821E0092DB6E /* Release */,
			);
			defaultConfigurationIsVisible = 0;
			defaultConfigurationName = Release;
		};
		B3451FCB289A821E0092DB6E /* Build configuration list for PBXNativeTarget "Homework_2" */ = {
			isa = XCConfigurationList;
			buildConfigurations = (
				B3451FCC289A821E0092DB6E /* Debug */,
				B3451FCD289A821E0092DB6E /* Release */,
			);
			defaultConfigurationIsVisible = 0;
			defaultConfigurationName = Release;
		};
/* End XCConfigurationList section */
	};
	rootObject = B3451FAF289A821C0092DB6E /* Project object */;
}
